// !$*UTF8*$!
{
	archiveVersion = 1;
	classes = {
	};
	objectVersion = 46;
	objects = {

/* Begin PBXBuildFile section */
		9CC8A4B81DEC7B4A0058CA5F /* AppDelegate.swift in Sources */ = {isa = PBXBuildFile; fileRef = 9CC8A4B71DEC7B4A0058CA5F /* AppDelegate.swift */; };
		9CC8A4BA1DEC7B4A0058CA5F /* ViewController.swift in Sources */ = {isa = PBXBuildFile; fileRef = 9CC8A4B91DEC7B4A0058CA5F /* ViewController.swift */; };
		9CC8A4BD1DEC7B4A0058CA5F /* Main.storyboard in Resources */ = {isa = PBXBuildFile; fileRef = 9CC8A4BB1DEC7B4A0058CA5F /* Main.storyboard */; };
		9CC8A4BF1DEC7B4A0058CA5F /* Assets.xcassets in Resources */ = {isa = PBXBuildFile; fileRef = 9CC8A4BE1DEC7B4A0058CA5F /* Assets.xcassets */; };
		9CC8A4C21DEC7B4A0058CA5F /* LaunchScreen.storyboard in Resources */ = {isa = PBXBuildFile; fileRef = 9CC8A4C01DEC7B4A0058CA5F /* LaunchScreen.storyboard */; };
/* End PBXBuildFile section */

/* Begin PBXFileReference section */
		9CC8A4B41DEC7B4A0058CA5F /* SwiftSpotyfy.app */ = {isa = PBXFileReference; explicitFileType = wrapper.application; includeInIndex = 0; path = SwiftSpotyfy.app; sourceTree = BUILT_PRODUCTS_DIR; };
		9CC8A4B71DEC7B4A0058CA5F /* AppDelegate.swift */ = {isa = PBXFileReference; lastKnownFileType = sourcecode.swift; path = AppDelegate.swift; sourceTree = "<group>"; };
		9CC8A4B91DEC7B4A0058CA5F /* ViewController.swift */ = {isa = PBXFileReference; lastKnownFileType = sourcecode.swift; path = ViewController.swift; sourceTree = "<group>"; };
		9CC8A4BC1DEC7B4A0058CA5F /* Base */ = {isa = PBXFileReference; lastKnownFileType = file.storyboard; name = Base; path = Base.lproj/Main.storyboard; sourceTree = "<group>"; };
		9CC8A4BE1DEC7B4A0058CA5F /* Assets.xcassets */ = {isa = PBXFileReference; lastKnownFileType = folder.assetcatalog; path = Assets.xcassets; sourceTree = "<group>"; };
		9CC8A4C11DEC7B4A0058CA5F /* Base */ = {isa = PBXFileReference; lastKnownFileType = file.storyboard; name = Base; path = Base.lproj/LaunchScreen.storyboard; sourceTree = "<group>"; };
		9CC8A4C31DEC7B4A0058CA5F /* Info.plist */ = {isa = PBXFileReference; lastKnownFileType = text.plist.xml; path = Info.plist; sourceTree = "<group>"; };
/* End PBXFileReference section */

/* Begin PBXFrameworksBuildPhase section */
		9CC8A4B11DEC7B4A0058CA5F /* Frameworks */ = {
			isa = PBXFrameworksBuildPhase;
			buildActionMask = 2147483647;
			files = (
			);
			runOnlyForDeploymentPostprocessing = 0;
		};
/* End PBXFrameworksBuildPhase section */

/* Begin PBXGroup section */
		9CC8A4AB1DEC7B490058CA5F = {
			isa = PBXGroup;
			children = (
				9CC8A4B61DEC7B4A0058CA5F /* SwiftSpotyfy */,
				9CC8A4B51DEC7B4A0058CA5F /* Products */,
			);
			sourceTree = "<group>";
		};
		9CC8A4B51DEC7B4A0058CA5F /* Products */ = {
			isa = PBXGroup;
			children = (
				9CC8A4B41DEC7B4A0058CA5F /* SwiftSpotyfy.app */,
			);
			name = Products;
			sourceTree = "<group>";
		};
		9CC8A4B61DEC7B4A0058CA5F /* SwiftSpotyfy */ = {
			isa = PBXGroup;
			children = (
				9CC8A4B71DEC7B4A0058CA5F /* AppDelegate.swift */,
				9CC8A4B91DEC7B4A0058CA5F /* ViewController.swift */,
				9CC8A4BB1DEC7B4A0058CA5F /* Main.storyboard */,
				9CC8A4BE1DEC7B4A0058CA5F /* Assets.xcassets */,
				9CC8A4C01DEC7B4A0058CA5F /* LaunchScreen.storyboard */,
				9CC8A4C31DEC7B4A0058CA5F /* Info.plist */,
			);
			path = SwiftSpotyfy;
			sourceTree = "<group>";
		};
/* End PBXGroup section */

/* Begin PBXNativeTarget section */
		9CC8A4B31DEC7B4A0058CA5F /* SwiftSpotyfy */ = {
			isa = PBXNativeTarget;
			buildConfigurationList = 9CC8A4C61DEC7B4A0058CA5F /* Build configuration list for PBXNativeTarget "SwiftSpotyfy" */;
			buildPhases = (
				9CC8A4B01DEC7B4A0058CA5F /* Sources */,
				9CC8A4B11DEC7B4A0058CA5F /* Frameworks */,
				9CC8A4B21DEC7B4A0058CA5F /* Resources */,
			);
			buildRules = (
			);
			dependencies = (
			);
			name = SwiftSpotyfy;
			productName = SwiftSpotyfy;
			productReference = 9CC8A4B41DEC7B4A0058CA5F /* SwiftSpotyfy.app */;
			productType = "com.apple.product-type.application";
		};
/* End PBXNativeTarget section */

/* Begin PBXProject section */
		9CC8A4AC1DEC7B490058CA5F /* Project object */ = {
			isa = PBXProject;
			attributes = {
				LastSwiftUpdateCheck = 0810;
				LastUpgradeCheck = 0810;
				ORGANIZATIONNAME = "Marcelo Sampaio";
				TargetAttributes = {
					9CC8A4B31DEC7B4A0058CA5F = {
						CreatedOnToolsVersion = 8.1;
						DevelopmentTeam = 5U294U2N56;
						ProvisioningStyle = Automatic;
					};
				};
			};
			buildConfigurationList = 9CC8A4AF1DEC7B490058CA5F /* Build configuration list for PBXProject "SwiftSpotyfy" */;
			compatibilityVersion = "Xcode 3.2";
			developmentRegion = English;
			hasScannedForEncodings = 0;
			knownRegions = (
				en,
				Base,
			);
			mainGroup = 9CC8A4AB1DEC7B490058CA5F;
			productRefGroup = 9CC8A4B51DEC7B4A0058CA5F /* Products */;
			projectDirPath = "";
			projectRoot = "";
			targets = (
				9CC8A4B31DEC7B4A0058CA5F /* SwiftSpotyfy */,
			);
		};
/* End PBXProject section */

/* Begin PBXResourcesBuildPhase section */
		9CC8A4B21DEC7B4A0058CA5F /* Resources */ = {
			isa = PBXResourcesBuildPhase;
			buildActionMask = 2147483647;
			files = (
				9CC8A4C21DEC7B4A0058CA5F /* LaunchScreen.storyboard in Resources */,
				9CC8A4BF1DEC7B4A0058CA5F /* Assets.xcassets in Resources */,
				9CC8A4BD1DEC7B4A0058CA5F /* Main.storyboard in Resources */,
			);
			runOnlyForDeploymentPostprocessing = 0;
		};
/* End PBXResourcesBuildPhase section */

/* Begin PBXSourcesBuildPhase section */
		9CC8A4B01DEC7B4A0058CA5F /* Sources */ = {
			isa = PBXSourcesBuildPhase;
			buildActionMask = 2147483647;
			files = (
				9CC8A4BA1DEC7B4A0058CA5F /* ViewController.swift in Sources */,
				9CC8A4B81DEC7B4A0058CA5F /* AppDelegate.swift in Sources */,
			);
			runOnlyForDeploymentPostprocessing = 0;
		};
/* End PBXSourcesBuildPhase section */

/* Begin PBXVariantGroup section */
		9CC8A4BB1DEC7B4A0058CA5F /* Main.storyboard */ = {
			isa = PBXVariantGroup;
			children = (
				9CC8A4BC1DEC7B4A0058CA5F /* Base */,
			);
			name = Main.storyboard;
			sourceTree = "<group>";
		};
		9CC8A4C01DEC7B4A0058CA5F /* LaunchScreen.storyboard */ = {
			isa = PBXVariantGroup;
			children = (
				9CC8A4C11DEC7B4A0058CA5F /* Base */,
			);
			name = LaunchScreen.storyboard;
			sourceTree = "<group>";
		};
/* End PBXVariantGroup section */

/* Begin XCBuildConfiguration section */
		9CC8A4C41DEC7B4A0058CA5F /* Debug */ = {
			isa = XCBuildConfiguration;
			buildSettings = {
				ALWAYS_SEARCH_USER_PATHS = NO;
				CLANG_ANALYZER_NONNULL = YES;
				CLANG_CXX_LANGUAGE_STANDARD = "gnu++0x";
				CLANG_CXX_LIBRARY = "libc++";
				CLANG_ENABLE_MODULES = YES;
				CLANG_ENABLE_OBJC_ARC = YES;
				CLANG_WARN_BOOL_CONVERSION = YES;
				CLANG_WARN_CONSTANT_CONVERSION = YES;
				CLANG_WARN_DIRECT_OBJC_ISA_USAGE = YES_ERROR;
				CLANG_WARN_DOCUMENTATION_COMMENTS = YES;
				CLANG_WARN_EMPTY_BODY = YES;
				CLANG_WARN_ENUM_CONVERSION = YES;
				CLANG_WARN_INFINITE_RECURSION = YES;
				CLANG_WARN_INT_CONVERSION = YES;
				CLANG_WARN_OBJC_ROOT_CLASS = YES_ERROR;
				CLANG_WARN_SUSPICIOUS_MOVES = YES;
				CLANG_WARN_UNREACHABLE_CODE = YES;
				CLANG_WARN__DUPLICATE_METHOD_MATCH = YES;
				"CODE_SIGN_IDENTITY[sdk=iphoneos*]" = "iPhone Developer";
				COPY_PHASE_STRIP = NO;
				DEBUG_INFORMATION_FORMAT = dwarf;
				ENABLE_STRICT_OBJC_MSGSEND = YES;
				ENABLE_TESTABILITY = YES;
				GCC_C_LANGUAGE_STANDARD = gnu99;
				GCC_DYNAMIC_NO_PIC = NO;
				GCC_NO_COMMON_BLOCKS = YES;
				GCC_OPTIMIZATION_LEVEL = 0;
				GCC_PREPROCESSOR_DEFINITIONS = (
					"DEBUG=1",
					"$(inherited)",
				);
				GCC_WARN_64_TO_32_BIT_CONVERSION = YES;
				GCC_WARN_ABOUT_RETURN_TYPE = YES_ERROR;
				GCC_WARN_UNDECLARED_SELECTOR = YES;
				GCC_WARN_UNINITIALIZED_AUTOS = YES_AGGRESSIVE;
				GCC_WARN_UNUSED_FUNCTION = YES;
				GCC_WARN_UNUSED_VARIABLE = YES;
				IPHONEOS_DEPLOYMENT_TARGET = 10.1;
				MTL_ENABLE_DEBUG_INFO = YES;
				ONLY_ACTIVE_ARCH = YES;
				SDKROOT = iphoneos;
				SWIFT_ACTIVE_COMPILATION_CONDITIONS = DEBUG;
				SWIFT_OPTIMIZATION_LEVEL = "-Onone";
				TARGETED_DEVICE_FAMILY = "1,2";
			};
			name = Debug;
		};
		9CC8A4C51DEC7B4A0058CA5F /* Release */ = {
			isa = XCBuildConfiguration;
			buildSettings = {
				ALWAYS_SEARCH_USER_PATHS = NO;
				CLANG_ANALYZER_NONNULL = YES;
				CLANG_CXX_LANGUAGE_STANDARD = "gnu++0x";
				CLANG_CXX_LIBRARY = "libc++";
				CLANG_ENABLE_MODULES = YES;
				CLANG_ENABLE_OBJC_ARC = YES;
				CLANG_WARN_BOOL_CONVERSION = YES;
				CLANG_WARN_CONSTANT_CONVERSION = YES;
				CLANG_WARN_DIRECT_OBJC_ISA_USAGE = YES_ERROR;
				CLANG_WARN_DOCUMENTATION_COMMENTS = YES;
				CLANG_WARN_EMPTY_BODY = YES;
				CLANG_WARN_ENUM_CONVERSION = YES;
				CLANG_WARN_INFINITE_RECURSION = YES;
				CLANG_WARN_INT_CONVERSION = YES;
				CLANG_WARN_OBJC_ROOT_CLASS = YES_ERROR;
				CLANG_WARN_SUSPICIOUS_MOVES = YES;
				CLANG_WARN_UNREACHABLE_CODE = YES;
				CLANG_WARN__DUPLICATE_METHOD_MATCH = YES;
				"CODE_SIGN_IDENTITY[sdk=iphoneos*]" = "iPhone Developer";
				COPY_PHASE_STRIP = NO;
				DEBUG_INFORMATION_FORMAT = "dwarf-with-dsym";
				ENABLE_NS_ASSERTIONS = NO;
				ENABLE_STRICT_OBJC_MSGSEND = YES;
				GCC_C_LANGUAGE_STANDARD = gnu99;
				GCC_NO_COMMON_BLOCKS = YES;
				GCC_WARN_64_TO_32_BIT_CONVERSION = YES;
				GCC_WARN_ABOUT_RETURN_TYPE = YES_ERROR;
				GCC_WARN_UNDECLARED_SELECTOR = YES;
				GCC_WARN_UNINITIALIZED_AUTOS = YES_AGGRESSIVE;
				GCC_WARN_UNUSED_FUNCTION = YES;
				GCC_WARN_UNUSED_VARIABLE = YES;
				IPHONEOS_DEPLOYMENT_TARGET = 10.1;
				MTL_ENABLE_DEBUG_INFO = NO;
				SDKROOT = iphoneos;
				SWIFT_OPTIMIZATION_LEVEL = "-Owholemodule";
				TARGETED_DEVICE_FAMILY = "1,2";
				VALIDATE_PRODUCT = YES;
			};
			name = Release;
		};
		9CC8A4C71DEC7B4A0058CA5F /* Debug */ = {
			isa = XCBuildConfiguration;
			buildSettings = {
				ASSETCATALOG_COMPILER_APPICON_NAME = AppIcon;
				DEVELOPMENT_TEAM = 5U294U2N56;
				INFOPLIST_FILE = SwiftSpotyfy/Info.plist;
				LD_RUNPATH_SEARCH_PATHS = "$(inherited) @executable_path/Frameworks";
				PRODUCT_BUNDLE_IDENTIFIER = MAS.SwiftSpotyfy;
				PRODUCT_NAME = "$(TARGET_NAME)";
				SWIFT_VERSION = 3.0;
			};
			name = Debug;
		};
		9CC8A4C81DEC7B4A0058CA5F /* Release */ = {
			isa = XCBuildConfiguration;
			buildSettings = {
				ASSETCATALOG_COMPILER_APPICON_NAME = AppIcon;
				DEVELOPMENT_TEAM = 5U294U2N56;
				INFOPLIST_FILE = SwiftSpotyfy/Info.plist;
				LD_RUNPATH_SEARCH_PATHS = "$(inherited) @executable_path/Frameworks";
				PRODUCT_BUNDLE_IDENTIFIER = MAS.SwiftSpotyfy;
				PRODUCT_NAME = "$(TARGET_NAME)";
				SWIFT_VERSION = 3.0;
			};
			name = Release;
		};
/* End XCBuildConfiguration section */

/* Begin XCConfigurationList section */
		9CC8A4AF1DEC7B490058CA5F /* Build configuration list for PBXProject "SwiftSpotyfy" */ = {
			isa = XCConfigurationList;
			buildConfigurations = (
				9CC8A4C41DEC7B4A0058CA5F /* Debug */,
				9CC8A4C51DEC7B4A0058CA5F /* Release */,
			);
			defaultConfigurationIsVisible = 0;
			defaultConfigurationName = Release;
		};
		9CC8A4C61DEC7B4A0058CA5F /* Build configuration list for PBXNativeTarget "SwiftSpotyfy" */ = {
			isa = XCConfigurationList;
			buildConfigurations = (
				9CC8A4C71DEC7B4A0058CA5F /* Debug */,
				9CC8A4C81DEC7B4A0058CA5F /* Release */,
			);
			defaultConfigurationIsVisible = 0;
		};
/* End XCConfigurationList section */
	};
	rootObject = 9CC8A4AC1DEC7B490058CA5F /* Project object */;
}
